// !$*UTF8*$!
{
	archiveVersion = 1;
	classes = {
	};
	objectVersion = 56;
	objects = {

/* Begin PBXBuildFile section */
		FD1F283D2B46F5E0003C89E3 /* Titular.cpp in Sources */ = {isa = PBXBuildFile; fileRef = FD1F283B2B46F5E0003C89E3 /* Titular.cpp */; };
		FD1F28402B46FA0A003C89E3 /* Cpf.cpp in Sources */ = {isa = PBXBuildFile; fileRef = FD1F283E2B46FA0A003C89E3 /* Cpf.cpp */; };
		FD1F28432B47023F003C89E3 /* Funcionario.cpp in Sources */ = {isa = PBXBuildFile; fileRef = FD1F28412B47023F003C89E3 /* Funcionario.cpp */; };
		FD1F28462B47032A003C89E3 /* Pessoa.cpp in Sources */ = {isa = PBXBuildFile; fileRef = FD1F28442B47032A003C89E3 /* Pessoa.cpp */; };
		FD1F28492B4728DB003C89E3 /* ContaPoupanca.cpp in Sources */ = {isa = PBXBuildFile; fileRef = FD1F28472B4728DB003C89E3 /* ContaPoupanca.cpp */; };
		FD1F284C2B474082003C89E3 /* ContaCorrente.cpp in Sources */ = {isa = PBXBuildFile; fileRef = FD1F284A2B474082003C89E3 /* ContaCorrente.cpp */; };
		FD1F284F2B474649003C89E3 /* Caixa.cpp in Sources */ = {isa = PBXBuildFile; fileRef = FD1F284D2B474649003C89E3 /* Caixa.cpp */; };
		FD1F28522B474801003C89E3 /* Gerente.cpp in Sources */ = {isa = PBXBuildFile; fileRef = FD1F28502B474801003C89E3 /* Gerente.cpp */; };
		FD1F28552B4748CB003C89E3 /* Autenticavel.cpp in Sources */ = {isa = PBXBuildFile; fileRef = FD1F28532B4748CB003C89E3 /* Autenticavel.cpp */; };
		FDB157662B4601AE00E0B2DE /* main.cpp in Sources */ = {isa = PBXBuildFile; fileRef = FDB157652B4601AE00E0B2DE /* main.cpp */; };
		FDB1576E2B4602C200E0B2DE /* Conta.cpp in Sources */ = {isa = PBXBuildFile; fileRef = FDB1576D2B4602C200E0B2DE /* Conta.cpp */; };
/* End PBXBuildFile section */

/* Begin PBXCopyFilesBuildPhase section */
		FDB157602B4601AE00E0B2DE /* CopyFiles */ = {
			isa = PBXCopyFilesBuildPhase;
			buildActionMask = 2147483647;
			dstPath = /usr/share/man/man1/;
			dstSubfolderSpec = 0;
			files = (
			);
			runOnlyForDeploymentPostprocessing = 1;
		};
/* End PBXCopyFilesBuildPhase section */

/* Begin PBXFileReference section */
		FD1F283B2B46F5E0003C89E3 /* Titular.cpp */ = {isa = PBXFileReference; lastKnownFileType = sourcecode.cpp.cpp; path = Titular.cpp; sourceTree = "<group>"; };
		FD1F283C2B46F5E0003C89E3 /* Titular.hpp */ = {isa = PBXFileReference; lastKnownFileType = sourcecode.cpp.h; path = Titular.hpp; sourceTree = "<group>"; };
		FD1F283E2B46FA0A003C89E3 /* Cpf.cpp */ = {isa = PBXFileReference; lastKnownFileType = sourcecode.cpp.cpp; path = Cpf.cpp; sourceTree = "<group>"; };
		FD1F283F2B46FA0A003C89E3 /* Cpf.hpp */ = {isa = PBXFileReference; lastKnownFileType = sourcecode.cpp.h; path = Cpf.hpp; sourceTree = "<group>"; };
		FD1F28412B47023F003C89E3 /* Funcionario.cpp */ = {isa = PBXFileReference; lastKnownFileType = sourcecode.cpp.cpp; path = Funcionario.cpp; sourceTree = "<group>"; };
		FD1F28422B47023F003C89E3 /* Funcionario.hpp */ = {isa = PBXFileReference; lastKnownFileType = sourcecode.cpp.h; path = Funcionario.hpp; sourceTree = "<group>"; };
		FD1F28442B47032A003C89E3 /* Pessoa.cpp */ = {isa = PBXFileReference; lastKnownFileType = sourcecode.cpp.cpp; path = Pessoa.cpp; sourceTree = "<group>"; };
		FD1F28452B47032A003C89E3 /* Pessoa.hpp */ = {isa = PBXFileReference; lastKnownFileType = sourcecode.cpp.h; path = Pessoa.hpp; sourceTree = "<group>"; };
		FD1F28472B4728DB003C89E3 /* ContaPoupanca.cpp */ = {isa = PBXFileReference; lastKnownFileType = sourcecode.cpp.cpp; path = ContaPoupanca.cpp; sourceTree = "<group>"; };
		FD1F28482B4728DB003C89E3 /* ContaPoupanca.hpp */ = {isa = PBXFileReference; lastKnownFileType = sourcecode.cpp.h; path = ContaPoupanca.hpp; sourceTree = "<group>"; };
		FD1F284A2B474082003C89E3 /* ContaCorrente.cpp */ = {isa = PBXFileReference; lastKnownFileType = sourcecode.cpp.cpp; path = ContaCorrente.cpp; sourceTree = "<group>"; };
		FD1F284B2B474082003C89E3 /* ContaCorrente.hpp */ = {isa = PBXFileReference; lastKnownFileType = sourcecode.cpp.h; path = ContaCorrente.hpp; sourceTree = "<group>"; };
		FD1F284D2B474649003C89E3 /* Caixa.cpp */ = {isa = PBXFileReference; lastKnownFileType = sourcecode.cpp.cpp; path = Caixa.cpp; sourceTree = "<group>"; };
		FD1F284E2B474649003C89E3 /* Caixa.hpp */ = {isa = PBXFileReference; lastKnownFileType = sourcecode.cpp.h; path = Caixa.hpp; sourceTree = "<group>"; };
		FD1F28502B474801003C89E3 /* Gerente.cpp */ = {isa = PBXFileReference; lastKnownFileType = sourcecode.cpp.cpp; path = Gerente.cpp; sourceTree = "<group>"; };
		FD1F28512B474801003C89E3 /* Gerente.hpp */ = {isa = PBXFileReference; lastKnownFileType = sourcecode.cpp.h; path = Gerente.hpp; sourceTree = "<group>"; };
		FD1F28532B4748CB003C89E3 /* Autenticavel.cpp */ = {isa = PBXFileReference; lastKnownFileType = sourcecode.cpp.cpp; path = Autenticavel.cpp; sourceTree = "<group>"; };
		FD1F28542B4748CB003C89E3 /* Autenticavel.hpp */ = {isa = PBXFileReference; lastKnownFileType = sourcecode.cpp.h; path = Autenticavel.hpp; sourceTree = "<group>"; };
		FDB157622B4601AE00E0B2DE /* Banco */ = {isa = PBXFileReference; explicitFileType = "compiled.mach-o.executable"; includeInIndex = 0; path = Banco; sourceTree = BUILT_PRODUCTS_DIR; };
		FDB157652B4601AE00E0B2DE /* main.cpp */ = {isa = PBXFileReference; lastKnownFileType = sourcecode.cpp.cpp; path = main.cpp; sourceTree = "<group>"; };
		FDB1576C2B46024C00E0B2DE /* Conta.hpp */ = {isa = PBXFileReference; lastKnownFileType = sourcecode.cpp.h; path = Conta.hpp; sourceTree = "<group>"; };
		FDB1576D2B4602C200E0B2DE /* Conta.cpp */ = {isa = PBXFileReference; lastKnownFileType = sourcecode.cpp.cpp; path = Conta.cpp; sourceTree = "<group>"; };
/* End PBXFileReference section */

/* Begin PBXFrameworksBuildPhase section */
		FDB1575F2B4601AE00E0B2DE /* Frameworks */ = {
			isa = PBXFrameworksBuildPhase;
			buildActionMask = 2147483647;
			files = (
			);
			runOnlyForDeploymentPostprocessing = 0;
		};
/* End PBXFrameworksBuildPhase section */

/* Begin PBXGroup section */
		FDB157592B4601AE00E0B2DE = {
			isa = PBXGroup;
			children = (
				FDB157642B4601AE00E0B2DE /* Banco */,
				FDB157632B4601AE00E0B2DE /* Products */,
			);
			sourceTree = "<group>";
		};
		FDB157632B4601AE00E0B2DE /* Products */ = {
			isa = PBXGroup;
			children = (
				FDB157622B4601AE00E0B2DE /* Banco */,
			);
			name = Products;
			sourceTree = "<group>";
		};
		FDB157642B4601AE00E0B2DE /* Banco */ = {
			isa = PBXGroup;
			children = (
				FD1F283E2B46FA0A003C89E3 /* Cpf.cpp */,
				FD1F283F2B46FA0A003C89E3 /* Cpf.hpp */,
				FDB157652B4601AE00E0B2DE /* main.cpp */,
				FDB1576C2B46024C00E0B2DE /* Conta.hpp */,
				FDB1576D2B4602C200E0B2DE /* Conta.cpp */,
				FD1F283B2B46F5E0003C89E3 /* Titular.cpp */,
				FD1F283C2B46F5E0003C89E3 /* Titular.hpp */,
				FD1F28412B47023F003C89E3 /* Funcionario.cpp */,
				FD1F28422B47023F003C89E3 /* Funcionario.hpp */,
				FD1F28442B47032A003C89E3 /* Pessoa.cpp */,
				FD1F28452B47032A003C89E3 /* Pessoa.hpp */,
				FD1F28472B4728DB003C89E3 /* ContaPoupanca.cpp */,
				FD1F28482B4728DB003C89E3 /* ContaPoupanca.hpp */,
				FD1F284A2B474082003C89E3 /* ContaCorrente.cpp */,
				FD1F284B2B474082003C89E3 /* ContaCorrente.hpp */,
				FD1F284D2B474649003C89E3 /* Caixa.cpp */,
				FD1F284E2B474649003C89E3 /* Caixa.hpp */,
				FD1F28502B474801003C89E3 /* Gerente.cpp */,
				FD1F28512B474801003C89E3 /* Gerente.hpp */,
				FD1F28532B4748CB003C89E3 /* Autenticavel.cpp */,
				FD1F28542B4748CB003C89E3 /* Autenticavel.hpp */,
			);
			path = Banco;
			sourceTree = "<group>";
		};
/* End PBXGroup section */

/* Begin PBXNativeTarget section */
		FDB157612B4601AE00E0B2DE /* Banco */ = {
			isa = PBXNativeTarget;
			buildConfigurationList = FDB157692B4601AE00E0B2DE /* Build configuration list for PBXNativeTarget "Banco" */;
			buildPhases = (
				FDB1575E2B4601AE00E0B2DE /* Sources */,
				FDB1575F2B4601AE00E0B2DE /* Frameworks */,
				FDB157602B4601AE00E0B2DE /* CopyFiles */,
			);
			buildRules = (
			);
			dependencies = (
			);
			name = Banco;
			productName = Banco;
			productReference = FDB157622B4601AE00E0B2DE /* Banco */;
			productType = "com.apple.product-type.tool";
		};
/* End PBXNativeTarget section */

/* Begin PBXProject section */
		FDB1575A2B4601AE00E0B2DE /* Project object */ = {
			isa = PBXProject;
			attributes = {
				BuildIndependentTargetsInParallel = 1;
				LastUpgradeCheck = 1510;
				TargetAttributes = {
					FDB157612B4601AE00E0B2DE = {
						CreatedOnToolsVersion = 15.1;
					};
				};
			};
			buildConfigurationList = FDB1575D2B4601AE00E0B2DE /* Build configuration list for PBXProject "Banco" */;
			compatibilityVersion = "Xcode 14.0";
			developmentRegion = en;
			hasScannedForEncodings = 0;
			knownRegions = (
				en,
				Base,
			);
			mainGroup = FDB157592B4601AE00E0B2DE;
			productRefGroup = FDB157632B4601AE00E0B2DE /* Products */;
			projectDirPath = "";
			projectRoot = "";
			targets = (
				FDB157612B4601AE00E0B2DE /* Banco */,
			);
		};
/* End PBXProject section */

/* Begin PBXSourcesBuildPhase section */
		FDB1575E2B4601AE00E0B2DE /* Sources */ = {
			isa = PBXSourcesBuildPhase;
			buildActionMask = 2147483647;
			files = (
				FD1F28522B474801003C89E3 /* Gerente.cpp in Sources */,
				FD1F28432B47023F003C89E3 /* Funcionario.cpp in Sources */,
				FD1F28552B4748CB003C89E3 /* Autenticavel.cpp in Sources */,
				FD1F284C2B474082003C89E3 /* ContaCorrente.cpp in Sources */,
				FD1F283D2B46F5E0003C89E3 /* Titular.cpp in Sources */,
				FD1F28492B4728DB003C89E3 /* ContaPoupanca.cpp in Sources */,
				FD1F28462B47032A003C89E3 /* Pessoa.cpp in Sources */,
				FD1F284F2B474649003C89E3 /* Caixa.cpp in Sources */,
				FD1F28402B46FA0A003C89E3 /* Cpf.cpp in Sources */,
				FDB157662B4601AE00E0B2DE /* main.cpp in Sources */,
				FDB1576E2B4602C200E0B2DE /* Conta.cpp in Sources */,
			);
			runOnlyForDeploymentPostprocessing = 0;
		};
/* End PBXSourcesBuildPhase section */

/* Begin XCBuildConfiguration section */
		FDB157672B4601AE00E0B2DE /* Debug */ = {
			isa = XCBuildConfiguration;
			buildSettings = {
				ALWAYS_SEARCH_USER_PATHS = NO;
				ASSETCATALOG_COMPILER_GENERATE_SWIFT_ASSET_SYMBOL_EXTENSIONS = YES;
				CLANG_ANALYZER_NONNULL = YES;
				CLANG_ANALYZER_NUMBER_OBJECT_CONVERSION = YES_AGGRESSIVE;
				CLANG_CXX_LANGUAGE_STANDARD = "gnu++20";
				CLANG_ENABLE_MODULES = YES;
				CLANG_ENABLE_OBJC_ARC = YES;
				CLANG_ENABLE_OBJC_WEAK = YES;
				CLANG_WARN_BLOCK_CAPTURE_AUTORELEASING = YES;
				CLANG_WARN_BOOL_CONVERSION = YES;
				CLANG_WARN_COMMA = YES;
				CLANG_WARN_CONSTANT_CONVERSION = YES;
				CLANG_WARN_DEPRECATED_OBJC_IMPLEMENTATIONS = YES;
				CLANG_WARN_DIRECT_OBJC_ISA_USAGE = YES_ERROR;
				CLANG_WARN_DOCUMENTATION_COMMENTS = YES;
				CLANG_WARN_EMPTY_BODY = YES;
				CLANG_WARN_ENUM_CONVERSION = YES;
				CLANG_WARN_INFINITE_RECURSION = YES;
				CLANG_WARN_INT_CONVERSION = YES;
				CLANG_WARN_NON_LITERAL_NULL_CONVERSION = YES;
				CLANG_WARN_OBJC_IMPLICIT_RETAIN_SELF = YES;
				CLANG_WARN_OBJC_LITERAL_CONVERSION = YES;
				CLANG_WARN_OBJC_ROOT_CLASS = YES_ERROR;
				CLANG_WARN_QUOTED_INCLUDE_IN_FRAMEWORK_HEADER = YES;
				CLANG_WARN_RANGE_LOOP_ANALYSIS = YES;
				CLANG_WARN_STRICT_PROTOTYPES = YES;
				CLANG_WARN_SUSPICIOUS_MOVE = YES;
				CLANG_WARN_UNGUARDED_AVAILABILITY = YES_AGGRESSIVE;
				CLANG_WARN_UNREACHABLE_CODE = YES;
				CLANG_WARN__DUPLICATE_METHOD_MATCH = YES;
				COPY_PHASE_STRIP = NO;
				DEBUG_INFORMATION_FORMAT = dwarf;
				ENABLE_STRICT_OBJC_MSGSEND = YES;
				ENABLE_TESTABILITY = YES;
				ENABLE_USER_SCRIPT_SANDBOXING = YES;
				GCC_C_LANGUAGE_STANDARD = gnu17;
				GCC_DYNAMIC_NO_PIC = NO;
				GCC_NO_COMMON_BLOCKS = YES;
				GCC_OPTIMIZATION_LEVEL = 0;
				GCC_PREPROCESSOR_DEFINITIONS = (
					"DEBUG=1",
					"$(inherited)",
				);
				GCC_WARN_64_TO_32_BIT_CONVERSION = YES;
				GCC_WARN_ABOUT_RETURN_TYPE = YES_ERROR;
				GCC_WARN_UNDECLARED_SELECTOR = YES;
				GCC_WARN_UNINITIALIZED_AUTOS = YES_AGGRESSIVE;
				GCC_WARN_UNUSED_FUNCTION = YES;
				GCC_WARN_UNUSED_VARIABLE = YES;
				LOCALIZATION_PREFERS_STRING_CATALOGS = YES;
				MACOSX_DEPLOYMENT_TARGET = 13.6;
				MTL_ENABLE_DEBUG_INFO = INCLUDE_SOURCE;
				MTL_FAST_MATH = YES;
				ONLY_ACTIVE_ARCH = YES;
				SDKROOT = macosx;
			};
			name = Debug;
		};
		FDB157682B4601AE00E0B2DE /* Release */ = {
			isa = XCBuildConfiguration;
			buildSettings = {
				ALWAYS_SEARCH_USER_PATHS = NO;
				ASSETCATALOG_COMPILER_GENERATE_SWIFT_ASSET_SYMBOL_EXTENSIONS = YES;
				CLANG_ANALYZER_NONNULL = YES;
				CLANG_ANALYZER_NUMBER_OBJECT_CONVERSION = YES_AGGRESSIVE;
				CLANG_CXX_LANGUAGE_STANDARD = "gnu++20";
				CLANG_ENABLE_MODULES = YES;
				CLANG_ENABLE_OBJC_ARC = YES;
				CLANG_ENABLE_OBJC_WEAK = YES;
				CLANG_WARN_BLOCK_CAPTURE_AUTORELEASING = YES;
				CLANG_WARN_BOOL_CONVERSION = YES;
				CLANG_WARN_COMMA = YES;
				CLANG_WARN_CONSTANT_CONVERSION = YES;
				CLANG_WARN_DEPRECATED_OBJC_IMPLEMENTATIONS = YES;
				CLANG_WARN_DIRECT_OBJC_ISA_USAGE = YES_ERROR;
				CLANG_WARN_DOCUMENTATION_COMMENTS = YES;
				CLANG_WARN_EMPTY_BODY = YES;
				CLANG_WARN_ENUM_CONVERSION = YES;
				CLANG_WARN_INFINITE_RECURSION = YES;
				CLANG_WARN_INT_CONVERSION = YES;
				CLANG_WARN_NON_LITERAL_NULL_CONVERSION = YES;
				CLANG_WARN_OBJC_IMPLICIT_RETAIN_SELF = YES;
				CLANG_WARN_OBJC_LITERAL_CONVERSION = YES;
				CLANG_WARN_OBJC_ROOT_CLASS = YES_ERROR;
				CLANG_WARN_QUOTED_INCLUDE_IN_FRAMEWORK_HEADER = YES;
				CLANG_WARN_RANGE_LOOP_ANALYSIS = YES;
				CLANG_WARN_STRICT_PROTOTYPES = YES;
				CLANG_WARN_SUSPICIOUS_MOVE = YES;
				CLANG_WARN_UNGUARDED_AVAILABILITY = YES_AGGRESSIVE;
				CLANG_WARN_UNREACHABLE_CODE = YES;
				CLANG_WARN__DUPLICATE_METHOD_MATCH = YES;
				COPY_PHASE_STRIP = NO;
				DEBUG_INFORMATION_FORMAT = "dwarf-with-dsym";
				ENABLE_NS_ASSERTIONS = NO;
				ENABLE_STRICT_OBJC_MSGSEND = YES;
				ENABLE_USER_SCRIPT_SANDBOXING = YES;
				GCC_C_LANGUAGE_STANDARD = gnu17;
				GCC_NO_COMMON_BLOCKS = YES;
				GCC_WARN_64_TO_32_BIT_CONVERSION = YES;
				GCC_WARN_ABOUT_RETURN_TYPE = YES_ERROR;
				GCC_WARN_UNDECLARED_SELECTOR = YES;
				GCC_WARN_UNINITIALIZED_AUTOS = YES_AGGRESSIVE;
				GCC_WARN_UNUSED_FUNCTION = YES;
				GCC_WARN_UNUSED_VARIABLE = YES;
				LOCALIZATION_PREFERS_STRING_CATALOGS = YES;
				MACOSX_DEPLOYMENT_TARGET = 13.6;
				MTL_ENABLE_DEBUG_INFO = NO;
				MTL_FAST_MATH = YES;
				SDKROOT = macosx;
			};
			name = Release;
		};
		FDB1576A2B4601AE00E0B2DE /* Debug */ = {
			isa = XCBuildConfiguration;
			buildSettings = {
				CODE_SIGN_STYLE = Automatic;
				PRODUCT_NAME = "$(TARGET_NAME)";
			};
			name = Debug;
		};
		FDB1576B2B4601AE00E0B2DE /* Release */ = {
			isa = XCBuildConfiguration;
			buildSettings = {
				CODE_SIGN_STYLE = Automatic;
				PRODUCT_NAME = "$(TARGET_NAME)";
			};
			name = Release;
		};
/* End XCBuildConfiguration section */

/* Begin XCConfigurationList section */
		FDB1575D2B4601AE00E0B2DE /* Build configuration list for PBXProject "Banco" */ = {
			isa = XCConfigurationList;
			buildConfigurations = (
				FDB157672B4601AE00E0B2DE /* Debug */,
				FDB157682B4601AE00E0B2DE /* Release */,
			);
			defaultConfigurationIsVisible = 0;
			defaultConfigurationName = Release;
		};
		FDB157692B4601AE00E0B2DE /* Build configuration list for PBXNativeTarget "Banco" */ = {
			isa = XCConfigurationList;
			buildConfigurations = (
				FDB1576A2B4601AE00E0B2DE /* Debug */,
				FDB1576B2B4601AE00E0B2DE /* Release */,
			);
			defaultConfigurationIsVisible = 0;
			defaultConfigurationName = Release;
		};
/* End XCConfigurationList section */
	};
	rootObject = FDB1575A2B4601AE00E0B2DE /* Project object */;
}
